# This file is automatically @generated by Cargo.
# It is not intended for manual editing.
version = 4

[[package]]
name = "adler2"
version = "2.0.1"
source = "registry+https://github.com/rust-lang/crates.io-index"
checksum = "320119579fcad9c21884f5c4861d16174d0e06250625266f50fe6898340abefa"

[[package]]
name = "miniz_oxide"
version = "0.8.9"
source = "registry+https://github.com/rust-lang/crates.io-index"
checksum = "1fa76a2c86f704bdb222d66965fb3d63269ce38518b83cb0575fca855ebb6316"
dependencies = [
 "adler2",
]

[[package]]
name = "ventris"
version = "0.3.0"
dependencies = [
 "ventris-addr",
 "ventris-decompiler",
 "ventris-format",
 "ventris-game",
 "ventris-gen",
 "ventris-lifter",
 "ventris-target",
]

[[package]]
name = "ventris-addr"
version = "0.3.0"

[[package]]
name = "ventris-cli"
version = "0.3.0"
dependencies = [
 "ventris",
 "ventris-addr",
 "ventris-db",
 "ventris-decompiler",
 "ventris-format",
 "ventris-game",
 "ventris-gen",
 "ventris-lifter",
 "ventris-pcode",
 "ventris-target",
]

[[package]]
name = "ventris-db"
version = "0.3.0"
dependencies = [
 "ventris-addr",
 "ventris-gen",
 "ventris-log",
]

[[package]]
name = "ventris-decompiler"
version = "0.3.0"
dependencies = [
 "ventris-lifter",
 "ventris-pcode",
 "ventris-target",
]

[[package]]
name = "ventris-format"
version = "0.3.0"
dependencies = [
 "ventris-addr",
]

[[package]]
name = "ventris-game"
version = "0.3.0"
dependencies = [
 "ventris-format",
 "ventris-lifter",
 "ventris-pcode",
 "ventris-target",
]

[[package]]
name = "ventris-gen"
version = "0.3.0"
dependencies = [
 "ventris-addr",
 "ventris-format",
 "ventris-lifter",
]

[[package]]
name = "ventris-lifter"
version = "0.3.0"
dependencies = [
 "ventris-format",
 "ventris-pcode",
 "ventris-sleigh",
]

[[package]]
name = "ventris-log"
version = "0.3.0"
dependencies = [
 "ventris-addr",
]

[[package]]
name = "ventris-pcode"
version = "0.3.0"

[[package]]
name = "ventris-sleigh"
version = "0.3.0"
dependencies = [
 "miniz_oxide",
 "ventris-pcode",
]

[[package]]
name = "ventris-target"
version = "0.3.0"
dependencies = [
 "ventris-format",
 "ventris-lifter",
]
