# This file is automatically @generated by Cargo.
# It is not intended for manual editing.
version = 4

[[package]]
name = "ventris"
version = "0.2.0"
dependencies = [
 "ventris-addr",
 "ventris-decompiler",
 "ventris-format",
 "ventris-game",
 "ventris-gen",
 "ventris-lifter",
 "ventris-target",
]

[[package]]
name = "ventris-addr"
version = "0.2.0"

[[package]]
name = "ventris-cli"
version = "0.2.0"
dependencies = [
 "ventris",
 "ventris-addr",
 "ventris-db",
 "ventris-decompiler",
 "ventris-format",
 "ventris-game",
 "ventris-gen",
 "ventris-lifter",
 "ventris-pcode",
 "ventris-target",
]

[[package]]
name = "ventris-db"
version = "0.2.0"
dependencies = [
 "ventris-addr",
 "ventris-gen",
 "ventris-log",
]

[[package]]
name = "ventris-decompiler"
version = "0.2.0"
dependencies = [
 "ventris-lifter",
 "ventris-pcode",
]

[[package]]
name = "ventris-format"
version = "0.2.0"
dependencies = [
 "ventris-addr",
]

[[package]]
name = "ventris-game"
version = "0.2.0"
dependencies = [
 "ventris-format",
 "ventris-lifter",
 "ventris-pcode",
 "ventris-target",
]

[[package]]
name = "ventris-gen"
version = "0.2.0"
dependencies = [
 "ventris-addr",
 "ventris-format",
 "ventris-lifter",
]

[[package]]
name = "ventris-lifter"
version = "0.2.0"
dependencies = [
 "ventris-format",
 "ventris-pcode",
]

[[package]]
name = "ventris-log"
version = "0.2.0"
dependencies = [
 "ventris-addr",
]

[[package]]
name = "ventris-pcode"
version = "0.2.0"

[[package]]
name = "ventris-target"
version = "0.2.0"
dependencies = [
 "ventris-format",
 "ventris-lifter",
]
